// !$*UTF8*$!
{
	archiveVersion = 1;
	classes = {
	};
	objectVersion = 51;
	objects = {

/* Begin PBXBuildFile section */
		2890E979EF8294808FB7F4B8 /* Pods_iTunesSearchSwiftUIKitUITests.framework in Frameworks */ = {isa = PBXBuildFile; fileRef = 37802FA5DBE8E2C9D3474C93 /* Pods_iTunesSearchSwiftUIKitUITests.framework */; };
		3F4B656EB3DE4042AF4E3A32 /* Pods_iTunesSearchSwiftUIKit.framework in Frameworks */ = {isa = PBXBuildFile; fileRef = C1BF4FAC3F074974008B604B /* Pods_iTunesSearchSwiftUIKit.framework */; };
		4F9C415E23CA46B1005DEB98 /* AppDelegate.swift in Sources */ = {isa = PBXBuildFile; fileRef = 4F9C415D23CA46B1005DEB98 /* AppDelegate.swift */; };
		4F9C416023CA46B1005DEB98 /* SceneDelegate.swift in Sources */ = {isa = PBXBuildFile; fileRef = 4F9C415F23CA46B1005DEB98 /* SceneDelegate.swift */; };
		4F9C416523CA46B1005DEB98 /* Main.storyboard in Resources */ = {isa = PBXBuildFile; fileRef = 4F9C416323CA46B1005DEB98 /* Main.storyboard */; };
		4F9C416823CA46B1005DEB98 /* iTunesSearchSwiftUIKit.xcdatamodeld in Sources */ = {isa = PBXBuildFile; fileRef = 4F9C416623CA46B1005DEB98 /* iTunesSearchSwiftUIKit.xcdatamodeld */; };
		4F9C416A23CA46B2005DEB98 /* Assets.xcassets in Resources */ = {isa = PBXBuildFile; fileRef = 4F9C416923CA46B2005DEB98 /* Assets.xcassets */; };
		4F9C416D23CA46B2005DEB98 /* LaunchScreen.storyboard in Resources */ = {isa = PBXBuildFile; fileRef = 4F9C416B23CA46B2005DEB98 /* LaunchScreen.storyboard */; };
		4F9C417823CA46B3005DEB98 /* iTunesSearchSwiftUIKitTests.swift in Sources */ = {isa = PBXBuildFile; fileRef = 4F9C417723CA46B3005DEB98 /* iTunesSearchSwiftUIKitTests.swift */; };
		4F9C418323CA46B3005DEB98 /* iTunesSearchSwiftUIKitUITests.swift in Sources */ = {isa = PBXBuildFile; fileRef = 4F9C418223CA46B3005DEB98 /* iTunesSearchSwiftUIKitUITests.swift */; };
		4F9C419223CA5BF8005DEB98 /* TrackSearchViewController.swift in Sources */ = {isa = PBXBuildFile; fileRef = 4F9C419123CA5BF8005DEB98 /* TrackSearchViewController.swift */; };
		4F9C419523CA5C33005DEB98 /* TrackSearchViewControllerTest.swift in Sources */ = {isa = PBXBuildFile; fileRef = 4F9C419423CA5C33005DEB98 /* TrackSearchViewControllerTest.swift */; };
		5686A434B5FF1A6FC08548D5 /* Pods_iTunesSearchSwiftUIKitTests.framework in Frameworks */ = {isa = PBXBuildFile; fileRef = B5B961D4099276B532A234BF /* Pods_iTunesSearchSwiftUIKitTests.framework */; };
/* End PBXBuildFile section */

/* Begin PBXContainerItemProxy section */
		4F9C417423CA46B3005DEB98 /* PBXContainerItemProxy */ = {
			isa = PBXContainerItemProxy;
			containerPortal = 4F9C415223CA46B1005DEB98 /* Project object */;
			proxyType = 1;
			remoteGlobalIDString = 4F9C415923CA46B1005DEB98;
			remoteInfo = iTunesSearchSwiftUIKit;
		};
		4F9C417F23CA46B3005DEB98 /* PBXContainerItemProxy */ = {
			isa = PBXContainerItemProxy;
			containerPortal = 4F9C415223CA46B1005DEB98 /* Project object */;
			proxyType = 1;
			remoteGlobalIDString = 4F9C415923CA46B1005DEB98;
			remoteInfo = iTunesSearchSwiftUIKit;
		};
/* End PBXContainerItemProxy section */

/* Begin PBXFileReference section */
		37802FA5DBE8E2C9D3474C93 /* Pods_iTunesSearchSwiftUIKitUITests.framework */ = {isa = PBXFileReference; explicitFileType = wrapper.framework; includeInIndex = 0; path = Pods_iTunesSearchSwiftUIKitUITests.framework; sourceTree = BUILT_PRODUCTS_DIR; };
		4F9C415A23CA46B1005DEB98 /* iTunesSearchSwiftUIKit.app */ = {isa = PBXFileReference; explicitFileType = wrapper.application; includeInIndex = 0; path = iTunesSearchSwiftUIKit.app; sourceTree = BUILT_PRODUCTS_DIR; };
		4F9C415D23CA46B1005DEB98 /* AppDelegate.swift */ = {isa = PBXFileReference; lastKnownFileType = sourcecode.swift; path = AppDelegate.swift; sourceTree = "<group>"; };
		4F9C415F23CA46B1005DEB98 /* SceneDelegate.swift */ = {isa = PBXFileReference; lastKnownFileType = sourcecode.swift; path = SceneDelegate.swift; sourceTree = "<group>"; };
		4F9C416423CA46B1005DEB98 /* Base */ = {isa = PBXFileReference; lastKnownFileType = file.storyboard; name = Base; path = Base.lproj/Main.storyboard; sourceTree = "<group>"; };
		4F9C416723CA46B1005DEB98 /* iTunesSearchSwiftUIKit.xcdatamodel */ = {isa = PBXFileReference; lastKnownFileType = wrapper.xcdatamodel; path = iTunesSearchSwiftUIKit.xcdatamodel; sourceTree = "<group>"; };
		4F9C416923CA46B2005DEB98 /* Assets.xcassets */ = {isa = PBXFileReference; lastKnownFileType = folder.assetcatalog; path = Assets.xcassets; sourceTree = "<group>"; };
		4F9C416C23CA46B2005DEB98 /* Base */ = {isa = PBXFileReference; lastKnownFileType = file.storyboard; name = Base; path = Base.lproj/LaunchScreen.storyboard; sourceTree = "<group>"; };
		4F9C416E23CA46B2005DEB98 /* Info.plist */ = {isa = PBXFileReference; lastKnownFileType = text.plist.xml; path = Info.plist; sourceTree = "<group>"; };
		4F9C417323CA46B3005DEB98 /* iTunesSearchSwiftUIKitTests.xctest */ = {isa = PBXFileReference; explicitFileType = wrapper.cfbundle; includeInIndex = 0; path = iTunesSearchSwiftUIKitTests.xctest; sourceTree = BUILT_PRODUCTS_DIR; };
		4F9C417723CA46B3005DEB98 /* iTunesSearchSwiftUIKitTests.swift */ = {isa = PBXFileReference; lastKnownFileType = sourcecode.swift; path = iTunesSearchSwiftUIKitTests.swift; sourceTree = "<group>"; };
		4F9C417923CA46B3005DEB98 /* Info.plist */ = {isa = PBXFileReference; lastKnownFileType = text.plist.xml; path = Info.plist; sourceTree = "<group>"; };
		4F9C417E23CA46B3005DEB98 /* iTunesSearchSwiftUIKitUITests.xctest */ = {isa = PBXFileReference; explicitFileType = wrapper.cfbundle; includeInIndex = 0; path = iTunesSearchSwiftUIKitUITests.xctest; sourceTree = BUILT_PRODUCTS_DIR; };
		4F9C418223CA46B3005DEB98 /* iTunesSearchSwiftUIKitUITests.swift */ = {isa = PBXFileReference; lastKnownFileType = sourcecode.swift; path = iTunesSearchSwiftUIKitUITests.swift; sourceTree = "<group>"; };
		4F9C418423CA46B3005DEB98 /* Info.plist */ = {isa = PBXFileReference; lastKnownFileType = text.plist.xml; path = Info.plist; sourceTree = "<group>"; };
		4F9C419123CA5BF8005DEB98 /* TrackSearchViewController.swift */ = {isa = PBXFileReference; lastKnownFileType = sourcecode.swift; path = TrackSearchViewController.swift; sourceTree = "<group>"; };
		4F9C419423CA5C33005DEB98 /* TrackSearchViewControllerTest.swift */ = {isa = PBXFileReference; lastKnownFileType = sourcecode.swift; path = TrackSearchViewControllerTest.swift; sourceTree = "<group>"; };
		6F1C79D0D766D554FEA748CF /* Pods-iTunesSearchSwiftUIKitUITests.debug.xcconfig */ = {isa = PBXFileReference; includeInIndex = 1; lastKnownFileType = text.xcconfig; name = "Pods-iTunesSearchSwiftUIKitUITests.debug.xcconfig"; path = "Target Support Files/Pods-iTunesSearchSwiftUIKitUITests/Pods-iTunesSearchSwiftUIKitUITests.debug.xcconfig"; sourceTree = "<group>"; };
		A027157880F0860A2E6A3D81 /* Pods-iTunesSearchSwiftUIKit.debug.xcconfig */ = {isa = PBXFileReference; includeInIndex = 1; lastKnownFileType = text.xcconfig; name = "Pods-iTunesSearchSwiftUIKit.debug.xcconfig"; path = "Target Support Files/Pods-iTunesSearchSwiftUIKit/Pods-iTunesSearchSwiftUIKit.debug.xcconfig"; sourceTree = "<group>"; };
		B5B961D4099276B532A234BF /* Pods_iTunesSearchSwiftUIKitTests.framework */ = {isa = PBXFileReference; explicitFileType = wrapper.framework; includeInIndex = 0; path = Pods_iTunesSearchSwiftUIKitTests.framework; sourceTree = BUILT_PRODUCTS_DIR; };
		C1BF4FAC3F074974008B604B /* Pods_iTunesSearchSwiftUIKit.framework */ = {isa = PBXFileReference; explicitFileType = wrapper.framework; includeInIndex = 0; path = Pods_iTunesSearchSwiftUIKit.framework; sourceTree = BUILT_PRODUCTS_DIR; };
		C46B15E82357911F7D7A3198 /* Pods-iTunesSearchSwiftUIKitUITests.release.xcconfig */ = {isa = PBXFileReference; includeInIndex = 1; lastKnownFileType = text.xcconfig; name = "Pods-iTunesSearchSwiftUIKitUITests.release.xcconfig"; path = "Target Support Files/Pods-iTunesSearchSwiftUIKitUITests/Pods-iTunesSearchSwiftUIKitUITests.release.xcconfig"; sourceTree = "<group>"; };
		E41A057C0C3639B56E986D38 /* Pods-iTunesSearchSwiftUIKitTests.release.xcconfig */ = {isa = PBXFileReference; includeInIndex = 1; lastKnownFileType = text.xcconfig; name = "Pods-iTunesSearchSwiftUIKitTests.release.xcconfig"; path = "Target Support Files/Pods-iTunesSearchSwiftUIKitTests/Pods-iTunesSearchSwiftUIKitTests.release.xcconfig"; sourceTree = "<group>"; };
		E852CD40C78B5C15171015A8 /* Pods-iTunesSearchSwiftUIKit.release.xcconfig */ = {isa = PBXFileReference; includeInIndex = 1; lastKnownFileType = text.xcconfig; name = "Pods-iTunesSearchSwiftUIKit.release.xcconfig"; path = "Target Support Files/Pods-iTunesSearchSwiftUIKit/Pods-iTunesSearchSwiftUIKit.release.xcconfig"; sourceTree = "<group>"; };
		E9A5CCA4010560C3CC2F0C40 /* Pods-iTunesSearchSwiftUIKitTests.debug.xcconfig */ = {isa = PBXFileReference; includeInIndex = 1; lastKnownFileType = text.xcconfig; name = "Pods-iTunesSearchSwiftUIKitTests.debug.xcconfig"; path = "Target Support Files/Pods-iTunesSearchSwiftUIKitTests/Pods-iTunesSearchSwiftUIKitTests.debug.xcconfig"; sourceTree = "<group>"; };
/* End PBXFileReference section */

/* Begin PBXFrameworksBuildPhase section */
		4F9C415723CA46B1005DEB98 /* Frameworks */ = {
			isa = PBXFrameworksBuildPhase;
			buildActionMask = 2147483647;
			files = (
				3F4B656EB3DE4042AF4E3A32 /* Pods_iTunesSearchSwiftUIKit.framework in Frameworks */,
			);
			runOnlyForDeploymentPostprocessing = 0;
		};
		4F9C417023CA46B3005DEB98 /* Frameworks */ = {
			isa = PBXFrameworksBuildPhase;
			buildActionMask = 2147483647;
			files = (
				5686A434B5FF1A6FC08548D5 /* Pods_iTunesSearchSwiftUIKitTests.framework in Frameworks */,
			);
			runOnlyForDeploymentPostprocessing = 0;
		};
		4F9C417B23CA46B3005DEB98 /* Frameworks */ = {
			isa = PBXFrameworksBuildPhase;
			buildActionMask = 2147483647;
			files = (
				2890E979EF8294808FB7F4B8 /* Pods_iTunesSearchSwiftUIKitUITests.framework in Frameworks */,
			);
			runOnlyForDeploymentPostprocessing = 0;
		};
/* End PBXFrameworksBuildPhase section */

/* Begin PBXGroup section */
		4F9C415123CA46B1005DEB98 = {
			isa = PBXGroup;
			children = (
				4F9C415C23CA46B1005DEB98 /* iTunesSearchSwiftUIKit */,
				4F9C417623CA46B3005DEB98 /* iTunesSearchSwiftUIKitTests */,
				4F9C418123CA46B3005DEB98 /* iTunesSearchSwiftUIKitUITests */,
				4F9C415B23CA46B1005DEB98 /* Products */,
				CBC3297D41B853C583500F79 /* Pods */,
				9C5910B0E95D58A210EE7800 /* Frameworks */,
			);
			sourceTree = "<group>";
		};
		4F9C415B23CA46B1005DEB98 /* Products */ = {
			isa = PBXGroup;
			children = (
				4F9C415A23CA46B1005DEB98 /* iTunesSearchSwiftUIKit.app */,
				4F9C417323CA46B3005DEB98 /* iTunesSearchSwiftUIKitTests.xctest */,
				4F9C417E23CA46B3005DEB98 /* iTunesSearchSwiftUIKitUITests.xctest */,
			);
			name = Products;
			sourceTree = "<group>";
		};
		4F9C415C23CA46B1005DEB98 /* iTunesSearchSwiftUIKit */ = {
			isa = PBXGroup;
			children = (
				4F9C419023CA5B12005DEB98 /* Views */,
				4F9C415D23CA46B1005DEB98 /* AppDelegate.swift */,
				4F9C415F23CA46B1005DEB98 /* SceneDelegate.swift */,
				4F9C416923CA46B2005DEB98 /* Assets.xcassets */,
				4F9C416B23CA46B2005DEB98 /* LaunchScreen.storyboard */,
				4F9C416E23CA46B2005DEB98 /* Info.plist */,
				4F9C416623CA46B1005DEB98 /* iTunesSearchSwiftUIKit.xcdatamodeld */,
			);
			path = iTunesSearchSwiftUIKit;
			sourceTree = "<group>";
		};
		4F9C417623CA46B3005DEB98 /* iTunesSearchSwiftUIKitTests */ = {
			isa = PBXGroup;
			children = (
				4F9C419323CA5C13005DEB98 /* Views */,
				4F9C417723CA46B3005DEB98 /* iTunesSearchSwiftUIKitTests.swift */,
				4F9C417923CA46B3005DEB98 /* Info.plist */,
			);
			path = iTunesSearchSwiftUIKitTests;
			sourceTree = "<group>";
		};
		4F9C418123CA46B3005DEB98 /* iTunesSearchSwiftUIKitUITests */ = {
			isa = PBXGroup;
			children = (
				4F9C418223CA46B3005DEB98 /* iTunesSearchSwiftUIKitUITests.swift */,
				4F9C418423CA46B3005DEB98 /* Info.plist */,
			);
			path = iTunesSearchSwiftUIKitUITests;
			sourceTree = "<group>";
		};
		4F9C419023CA5B12005DEB98 /* Views */ = {
			isa = PBXGroup;
			children = (
				4F9C416323CA46B1005DEB98 /* Main.storyboard */,
				4F9C419123CA5BF8005DEB98 /* TrackSearchViewController.swift */,
			);
			path = Views;
			sourceTree = "<group>";
		};
		4F9C419323CA5C13005DEB98 /* Views */ = {
			isa = PBXGroup;
			children = (
				4F9C419423CA5C33005DEB98 /* TrackSearchViewControllerTest.swift */,
			);
			path = Views;
			sourceTree = "<group>";
		};
		9C5910B0E95D58A210EE7800 /* Frameworks */ = {
			isa = PBXGroup;
			children = (
				C1BF4FAC3F074974008B604B /* Pods_iTunesSearchSwiftUIKit.framework */,
				B5B961D4099276B532A234BF /* Pods_iTunesSearchSwiftUIKitTests.framework */,
				37802FA5DBE8E2C9D3474C93 /* Pods_iTunesSearchSwiftUIKitUITests.framework */,
			);
			name = Frameworks;
			sourceTree = "<group>";
		};
		CBC3297D41B853C583500F79 /* Pods */ = {
			isa = PBXGroup;
			children = (
				A027157880F0860A2E6A3D81 /* Pods-iTunesSearchSwiftUIKit.debug.xcconfig */,
				E852CD40C78B5C15171015A8 /* Pods-iTunesSearchSwiftUIKit.release.xcconfig */,
				E9A5CCA4010560C3CC2F0C40 /* Pods-iTunesSearchSwiftUIKitTests.debug.xcconfig */,
				E41A057C0C3639B56E986D38 /* Pods-iTunesSearchSwiftUIKitTests.release.xcconfig */,
				6F1C79D0D766D554FEA748CF /* Pods-iTunesSearchSwiftUIKitUITests.debug.xcconfig */,
				C46B15E82357911F7D7A3198 /* Pods-iTunesSearchSwiftUIKitUITests.release.xcconfig */,
			);
			path = Pods;
			sourceTree = "<group>";
		};
/* End PBXGroup section */

/* Begin PBXNativeTarget section */
		4F9C415923CA46B1005DEB98 /* iTunesSearchSwiftUIKit */ = {
			isa = PBXNativeTarget;
			buildConfigurationList = 4F9C418723CA46B3005DEB98 /* Build configuration list for PBXNativeTarget "iTunesSearchSwiftUIKit" */;
			buildPhases = (
				3B55E41D1541255313FD606C /* [CP] Check Pods Manifest.lock */,
				4F9C415623CA46B1005DEB98 /* Sources */,
				4F9C415723CA46B1005DEB98 /* Frameworks */,
				4F9C415823CA46B1005DEB98 /* Resources */,
				4FB1AC5C78B5D1333E2891C2 /* [CP] Embed Pods Frameworks */,
			);
			buildRules = (
			);
			dependencies = (
			);
			name = iTunesSearchSwiftUIKit;
			productName = iTunesSearchSwiftUIKit;
			productReference = 4F9C415A23CA46B1005DEB98 /* iTunesSearchSwiftUIKit.app */;
			productType = "com.apple.product-type.application";
		};
		4F9C417223CA46B3005DEB98 /* iTunesSearchSwiftUIKitTests */ = {
			isa = PBXNativeTarget;
			buildConfigurationList = 4F9C418A23CA46B3005DEB98 /* Build configuration list for PBXNativeTarget "iTunesSearchSwiftUIKitTests" */;
			buildPhases = (
				9546891C99AAD4A96905D5A8 /* [CP] Check Pods Manifest.lock */,
				4F9C416F23CA46B3005DEB98 /* Sources */,
				4F9C417023CA46B3005DEB98 /* Frameworks */,
				4F9C417123CA46B3005DEB98 /* Resources */,
				3E19EE5B5A738223359A6E7A /* [CP] Embed Pods Frameworks */,
			);
			buildRules = (
			);
			dependencies = (
				4F9C417523CA46B3005DEB98 /* PBXTargetDependency */,
			);
			name = iTunesSearchSwiftUIKitTests;
			productName = iTunesSearchSwiftUIKitTests;
			productReference = 4F9C417323CA46B3005DEB98 /* iTunesSearchSwiftUIKitTests.xctest */;
			productType = "com.apple.product-type.bundle.unit-test";
		};
		4F9C417D23CA46B3005DEB98 /* iTunesSearchSwiftUIKitUITests */ = {
			isa = PBXNativeTarget;
			buildConfigurationList = 4F9C418D23CA46B3005DEB98 /* Build configuration list for PBXNativeTarget "iTunesSearchSwiftUIKitUITests" */;
			buildPhases = (
				A991B11F629C631B03951935 /* [CP] Check Pods Manifest.lock */,
				4F9C417A23CA46B3005DEB98 /* Sources */,
				4F9C417B23CA46B3005DEB98 /* Frameworks */,
				4F9C417C23CA46B3005DEB98 /* Resources */,
				DAB8677B126406B19E5D332D /* [CP] Embed Pods Frameworks */,
			);
			buildRules = (
			);
			dependencies = (
				4F9C418023CA46B3005DEB98 /* PBXTargetDependency */,
			);
			name = iTunesSearchSwiftUIKitUITests;
			productName = iTunesSearchSwiftUIKitUITests;
			productReference = 4F9C417E23CA46B3005DEB98 /* iTunesSearchSwiftUIKitUITests.xctest */;
			productType = "com.apple.product-type.bundle.ui-testing";
		};
/* End PBXNativeTarget section */

/* Begin PBXProject section */
		4F9C415223CA46B1005DEB98 /* Project object */ = {
			isa = PBXProject;
			attributes = {
				LastSwiftUpdateCheck = 1100;
				LastUpgradeCheck = 1100;
				ORGANIZATIONNAME = "Jorge Acosta";
				TargetAttributes = {
					4F9C415923CA46B1005DEB98 = {
						CreatedOnToolsVersion = 11.0;
					};
					4F9C417223CA46B3005DEB98 = {
						CreatedOnToolsVersion = 11.0;
						TestTargetID = 4F9C415923CA46B1005DEB98;
					};
					4F9C417D23CA46B3005DEB98 = {
						CreatedOnToolsVersion = 11.0;
						TestTargetID = 4F9C415923CA46B1005DEB98;
					};
				};
			};
			buildConfigurationList = 4F9C415523CA46B1005DEB98 /* Build configuration list for PBXProject "iTunesSearchSwiftUIKit" */;
			compatibilityVersion = "Xcode 9.3";
			developmentRegion = en;
			hasScannedForEncodings = 0;
			knownRegions = (
				en,
				Base,
			);
			mainGroup = 4F9C415123CA46B1005DEB98;
			productRefGroup = 4F9C415B23CA46B1005DEB98 /* Products */;
			projectDirPath = "";
			projectRoot = "";
			targets = (
				4F9C415923CA46B1005DEB98 /* iTunesSearchSwiftUIKit */,
				4F9C417223CA46B3005DEB98 /* iTunesSearchSwiftUIKitTests */,
				4F9C417D23CA46B3005DEB98 /* iTunesSearchSwiftUIKitUITests */,
			);
		};
/* End PBXProject section */

/* Begin PBXResourcesBuildPhase section */
		4F9C415823CA46B1005DEB98 /* Resources */ = {
			isa = PBXResourcesBuildPhase;
			buildActionMask = 2147483647;
			files = (
				4F9C416D23CA46B2005DEB98 /* LaunchScreen.storyboard in Resources */,
				4F9C416A23CA46B2005DEB98 /* Assets.xcassets in Resources */,
				4F9C416523CA46B1005DEB98 /* Main.storyboard in Resources */,
			);
			runOnlyForDeploymentPostprocessing = 0;
		};
		4F9C417123CA46B3005DEB98 /* Resources */ = {
			isa = PBXResourcesBuildPhase;
			buildActionMask = 2147483647;
			files = (
			);
			runOnlyForDeploymentPostprocessing = 0;
		};
		4F9C417C23CA46B3005DEB98 /* Resources */ = {
			isa = PBXResourcesBuildPhase;
			buildActionMask = 2147483647;
			files = (
			);
			runOnlyForDeploymentPostprocessing = 0;
		};
/* End PBXResourcesBuildPhase section */

/* Begin PBXShellScriptBuildPhase section */
		3B55E41D1541255313FD606C /* [CP] Check Pods Manifest.lock */ = {
			isa = PBXShellScriptBuildPhase;
			buildActionMask = 2147483647;
			files = (
			);
			inputFileListPaths = (
			);
			inputPaths = (
				"${PODS_PODFILE_DIR_PATH}/Podfile.lock",
				"${PODS_ROOT}/Manifest.lock",
			);
			name = "[CP] Check Pods Manifest.lock";
			outputFileListPaths = (
			);
			outputPaths = (
				"$(DERIVED_FILE_DIR)/Pods-iTunesSearchSwiftUIKit-checkManifestLockResult.txt",
			);
			runOnlyForDeploymentPostprocessing = 0;
			shellPath = /bin/sh;
			shellScript = "diff \"${PODS_PODFILE_DIR_PATH}/Podfile.lock\" \"${PODS_ROOT}/Manifest.lock\" > /dev/null\nif [ $? != 0 ] ; then\n    # print error to STDERR\n    echo \"error: The sandbox is not in sync with the Podfile.lock. Run 'pod install' or update your CocoaPods installation.\" >&2\n    exit 1\nfi\n# This output is used by Xcode 'outputs' to avoid re-running this script phase.\necho \"SUCCESS\" > \"${SCRIPT_OUTPUT_FILE_0}\"\n";
			showEnvVarsInLog = 0;
		};
		3E19EE5B5A738223359A6E7A /* [CP] Embed Pods Frameworks */ = {
			isa = PBXShellScriptBuildPhase;
			buildActionMask = 2147483647;
			files = (
			);
			inputFileListPaths = (
				"${PODS_ROOT}/Target Support Files/Pods-iTunesSearchSwiftUIKitTests/Pods-iTunesSearchSwiftUIKitTests-frameworks-${CONFIGURATION}-input-files.xcfilelist",
			);
			name = "[CP] Embed Pods Frameworks";
			outputFileListPaths = (
				"${PODS_ROOT}/Target Support Files/Pods-iTunesSearchSwiftUIKitTests/Pods-iTunesSearchSwiftUIKitTests-frameworks-${CONFIGURATION}-output-files.xcfilelist",
			);
			runOnlyForDeploymentPostprocessing = 0;
			shellPath = /bin/sh;
			shellScript = "\"${PODS_ROOT}/Target Support Files/Pods-iTunesSearchSwiftUIKitTests/Pods-iTunesSearchSwiftUIKitTests-frameworks.sh\"\n";
			showEnvVarsInLog = 0;
		};
		4FB1AC5C78B5D1333E2891C2 /* [CP] Embed Pods Frameworks */ = {
			isa = PBXShellScriptBuildPhase;
			buildActionMask = 2147483647;
			files = (
			);
			inputFileListPaths = (
				"${PODS_ROOT}/Target Support Files/Pods-iTunesSearchSwiftUIKit/Pods-iTunesSearchSwiftUIKit-frameworks-${CONFIGURATION}-input-files.xcfilelist",
			);
			name = "[CP] Embed Pods Frameworks";
			outputFileListPaths = (
				"${PODS_ROOT}/Target Support Files/Pods-iTunesSearchSwiftUIKit/Pods-iTunesSearchSwiftUIKit-frameworks-${CONFIGURATION}-output-files.xcfilelist",
			);
			runOnlyForDeploymentPostprocessing = 0;
			shellPath = /bin/sh;
			shellScript = "\"${PODS_ROOT}/Target Support Files/Pods-iTunesSearchSwiftUIKit/Pods-iTunesSearchSwiftUIKit-frameworks.sh\"\n";
			showEnvVarsInLog = 0;
		};
		9546891C99AAD4A96905D5A8 /* [CP] Check Pods Manifest.lock */ = {
			isa = PBXShellScriptBuildPhase;
			buildActionMask = 2147483647;
			files = (
			);
			inputFileListPaths = (
			);
			inputPaths = (
				"${PODS_PODFILE_DIR_PATH}/Podfile.lock",
				"${PODS_ROOT}/Manifest.lock",
			);
			name = "[CP] Check Pods Manifest.lock";
			outputFileListPaths = (
			);
			outputPaths = (
				"$(DERIVED_FILE_DIR)/Pods-iTunesSearchSwiftUIKitTests-checkManifestLockResult.txt",
			);
			runOnlyForDeploymentPostprocessing = 0;
			shellPath = /bin/sh;
			shellScript = "diff \"${PODS_PODFILE_DIR_PATH}/Podfile.lock\" \"${PODS_ROOT}/Manifest.lock\" > /dev/null\nif [ $? != 0 ] ; then\n    # print error to STDERR\n    echo \"error: The sandbox is not in sync with the Podfile.lock. Run 'pod install' or update your CocoaPods installation.\" >&2\n    exit 1\nfi\n# This output is used by Xcode 'outputs' to avoid re-running this script phase.\necho \"SUCCESS\" > \"${SCRIPT_OUTPUT_FILE_0}\"\n";
			showEnvVarsInLog = 0;
		};
		A991B11F629C631B03951935 /* [CP] Check Pods Manifest.lock */ = {
			isa = PBXShellScriptBuildPhase;
			buildActionMask = 2147483647;
			files = (
			);
			inputFileListPaths = (
			);
			inputPaths = (
				"${PODS_PODFILE_DIR_PATH}/Podfile.lock",
				"${PODS_ROOT}/Manifest.lock",
			);
			name = "[CP] Check Pods Manifest.lock";
			outputFileListPaths = (
			);
			outputPaths = (
				"$(DERIVED_FILE_DIR)/Pods-iTunesSearchSwiftUIKitUITests-checkManifestLockResult.txt",
			);
			runOnlyForDeploymentPostprocessing = 0;
			shellPath = /bin/sh;
			shellScript = "diff \"${PODS_PODFILE_DIR_PATH}/Podfile.lock\" \"${PODS_ROOT}/Manifest.lock\" > /dev/null\nif [ $? != 0 ] ; then\n    # print error to STDERR\n    echo \"error: The sandbox is not in sync with the Podfile.lock. Run 'pod install' or update your CocoaPods installation.\" >&2\n    exit 1\nfi\n# This output is used by Xcode 'outputs' to avoid re-running this script phase.\necho \"SUCCESS\" > \"${SCRIPT_OUTPUT_FILE_0}\"\n";
			showEnvVarsInLog = 0;
		};
		DAB8677B126406B19E5D332D /* [CP] Embed Pods Frameworks */ = {
			isa = PBXShellScriptBuildPhase;
			buildActionMask = 2147483647;
			files = (
			);
			inputFileListPaths = (
				"${PODS_ROOT}/Target Support Files/Pods-iTunesSearchSwiftUIKitUITests/Pods-iTunesSearchSwiftUIKitUITests-frameworks-${CONFIGURATION}-input-files.xcfilelist",
			);
			name = "[CP] Embed Pods Frameworks";
			outputFileListPaths = (
				"${PODS_ROOT}/Target Support Files/Pods-iTunesSearchSwiftUIKitUITests/Pods-iTunesSearchSwiftUIKitUITests-frameworks-${CONFIGURATION}-output-files.xcfilelist",
			);
			runOnlyForDeploymentPostprocessing = 0;
			shellPath = /bin/sh;
			shellScript = "\"${PODS_ROOT}/Target Support Files/Pods-iTunesSearchSwiftUIKitUITests/Pods-iTunesSearchSwiftUIKitUITests-frameworks.sh\"\n";
			showEnvVarsInLog = 0;
		};
/* End PBXShellScriptBuildPhase section */

/* Begin PBXSourcesBuildPhase section */
		4F9C415623CA46B1005DEB98 /* Sources */ = {
			isa = PBXSourcesBuildPhase;
			buildActionMask = 2147483647;
			files = (
				4F9C419223CA5BF8005DEB98 /* TrackSearchViewController.swift in Sources */,
				4F9C416823CA46B1005DEB98 /* iTunesSearchSwiftUIKit.xcdatamodeld in Sources */,
				4F9C415E23CA46B1005DEB98 /* AppDelegate.swift in Sources */,
				4F9C416023CA46B1005DEB98 /* SceneDelegate.swift in Sources */,
			);
			runOnlyForDeploymentPostprocessing = 0;
		};
		4F9C416F23CA46B3005DEB98 /* Sources */ = {
			isa = PBXSourcesBuildPhase;
			buildActionMask = 2147483647;
			files = (
				4F9C419523CA5C33005DEB98 /* TrackSearchViewControllerTest.swift in Sources */,
				4F9C417823CA46B3005DEB98 /* iTunesSearchSwiftUIKitTests.swift in Sources */,
			);
			runOnlyForDeploymentPostprocessing = 0;
		};
		4F9C417A23CA46B3005DEB98 /* Sources */ = {
			isa = PBXSourcesBuildPhase;
			buildActionMask = 2147483647;
			files = (
				4F9C418323CA46B3005DEB98 /* iTunesSearchSwiftUIKitUITests.swift in Sources */,
			);
			runOnlyForDeploymentPostprocessing = 0;
		};
/* End PBXSourcesBuildPhase section */

/* Begin PBXTargetDependency section */
		4F9C417523CA46B3005DEB98 /* PBXTargetDependency */ = {
			isa = PBXTargetDependency;
			target = 4F9C415923CA46B1005DEB98 /* iTunesSearchSwiftUIKit */;
			targetProxy = 4F9C417423CA46B3005DEB98 /* PBXContainerItemProxy */;
		};
		4F9C418023CA46B3005DEB98 /* PBXTargetDependency */ = {
			isa = PBXTargetDependency;
			target = 4F9C415923CA46B1005DEB98 /* iTunesSearchSwiftUIKit */;
			targetProxy = 4F9C417F23CA46B3005DEB98 /* PBXContainerItemProxy */;
		};
/* End PBXTargetDependency section */

/* Begin PBXVariantGroup section */
		4F9C416323CA46B1005DEB98 /* Main.storyboard */ = {
			isa = PBXVariantGroup;
			children = (
				4F9C416423CA46B1005DEB98 /* Base */,
			);
			name = Main.storyboard;
			sourceTree = "<group>";
		};
		4F9C416B23CA46B2005DEB98 /* LaunchScreen.storyboard */ = {
			isa = PBXVariantGroup;
			children = (
				4F9C416C23CA46B2005DEB98 /* Base */,
			);
			name = LaunchScreen.storyboard;
			sourceTree = "<group>";
		};
/* End PBXVariantGroup section */

/* Begin XCBuildConfiguration section */
		4F9C418523CA46B3005DEB98 /* Debug */ = {
			isa = XCBuildConfiguration;
			buildSettings = {
				ALWAYS_SEARCH_USER_PATHS = NO;
				CLANG_ANALYZER_NONNULL = YES;
				CLANG_ANALYZER_NUMBER_OBJECT_CONVERSION = YES_AGGRESSIVE;
				CLANG_CXX_LANGUAGE_STANDARD = "gnu++14";
				CLANG_CXX_LIBRARY = "libc++";
				CLANG_ENABLE_MODULES = YES;
				CLANG_ENABLE_OBJC_ARC = YES;
				CLANG_ENABLE_OBJC_WEAK = YES;
				CLANG_WARN_BLOCK_CAPTURE_AUTORELEASING = YES;
				CLANG_WARN_BOOL_CONVERSION = YES;
				CLANG_WARN_COMMA = YES;
				CLANG_WARN_CONSTANT_CONVERSION = YES;
				CLANG_WARN_DEPRECATED_OBJC_IMPLEMENTATIONS = YES;
				CLANG_WARN_DIRECT_OBJC_ISA_USAGE = YES_ERROR;
				CLANG_WARN_DOCUMENTATION_COMMENTS = YES;
				CLANG_WARN_EMPTY_BODY = YES;
				CLANG_WARN_ENUM_CONVERSION = YES;
				CLANG_WARN_INFINITE_RECURSION = YES;
				CLANG_WARN_INT_CONVERSION = YES;
				CLANG_WARN_NON_LITERAL_NULL_CONVERSION = YES;
				CLANG_WARN_OBJC_IMPLICIT_RETAIN_SELF = YES;
				CLANG_WARN_OBJC_LITERAL_CONVERSION = YES;
				CLANG_WARN_OBJC_ROOT_CLASS = YES_ERROR;
				CLANG_WARN_RANGE_LOOP_ANALYSIS = YES;
				CLANG_WARN_STRICT_PROTOTYPES = YES;
				CLANG_WARN_SUSPICIOUS_MOVE = YES;
				CLANG_WARN_UNGUARDED_AVAILABILITY = YES_AGGRESSIVE;
				CLANG_WARN_UNREACHABLE_CODE = YES;
				CLANG_WARN__DUPLICATE_METHOD_MATCH = YES;
				COPY_PHASE_STRIP = NO;
				DEBUG_INFORMATION_FORMAT = dwarf;
				ENABLE_STRICT_OBJC_MSGSEND = YES;
				ENABLE_TESTABILITY = YES;
				GCC_C_LANGUAGE_STANDARD = gnu11;
				GCC_DYNAMIC_NO_PIC = NO;
				GCC_NO_COMMON_BLOCKS = YES;
				GCC_OPTIMIZATION_LEVEL = 0;
				GCC_PREPROCESSOR_DEFINITIONS = (
					"DEBUG=1",
					"$(inherited)",
				);
				GCC_WARN_64_TO_32_BIT_CONVERSION = YES;
				GCC_WARN_ABOUT_RETURN_TYPE = YES_ERROR;
				GCC_WARN_UNDECLARED_SELECTOR = YES;
				GCC_WARN_UNINITIALIZED_AUTOS = YES_AGGRESSIVE;
				GCC_WARN_UNUSED_FUNCTION = YES;
				GCC_WARN_UNUSED_VARIABLE = YES;
				IPHONEOS_DEPLOYMENT_TARGET = 13.0;
				MTL_ENABLE_DEBUG_INFO = INCLUDE_SOURCE;
				MTL_FAST_MATH = YES;
				ONLY_ACTIVE_ARCH = YES;
				SDKROOT = iphoneos;
				SWIFT_ACTIVE_COMPILATION_CONDITIONS = DEBUG;
				SWIFT_OPTIMIZATION_LEVEL = "-Onone";
			};
			name = Debug;
		};
		4F9C418623CA46B3005DEB98 /* Release */ = {
			isa = XCBuildConfiguration;
			buildSettings = {
				ALWAYS_SEARCH_USER_PATHS = NO;
				CLANG_ANALYZER_NONNULL = YES;
				CLANG_ANALYZER_NUMBER_OBJECT_CONVERSION = YES_AGGRESSIVE;
				CLANG_CXX_LANGUAGE_STANDARD = "gnu++14";
				CLANG_CXX_LIBRARY = "libc++";
				CLANG_ENABLE_MODULES = YES;
				CLANG_ENABLE_OBJC_ARC = YES;
				CLANG_ENABLE_OBJC_WEAK = YES;
				CLANG_WARN_BLOCK_CAPTURE_AUTORELEASING = YES;
				CLANG_WARN_BOOL_CONVERSION = YES;
				CLANG_WARN_COMMA = YES;
				CLANG_WARN_CONSTANT_CONVERSION = YES;
				CLANG_WARN_DEPRECATED_OBJC_IMPLEMENTATIONS = YES;
				CLANG_WARN_DIRECT_OBJC_ISA_USAGE = YES_ERROR;
				CLANG_WARN_DOCUMENTATION_COMMENTS = YES;
				CLANG_WARN_EMPTY_BODY = YES;
				CLANG_WARN_ENUM_CONVERSION = YES;
				CLANG_WARN_INFINITE_RECURSION = YES;
				CLANG_WARN_INT_CONVERSION = YES;
				CLANG_WARN_NON_LITERAL_NULL_CONVERSION = YES;
				CLANG_WARN_OBJC_IMPLICIT_RETAIN_SELF = YES;
				CLANG_WARN_OBJC_LITERAL_CONVERSION = YES;
				CLANG_WARN_OBJC_ROOT_CLASS = YES_ERROR;
				CLANG_WARN_RANGE_LOOP_ANALYSIS = YES;
				CLANG_WARN_STRICT_PROTOTYPES = YES;
				CLANG_WARN_SUSPICIOUS_MOVE = YES;
				CLANG_WARN_UNGUARDED_AVAILABILITY = YES_AGGRESSIVE;
				CLANG_WARN_UNREACHABLE_CODE = YES;
				CLANG_WARN__DUPLICATE_METHOD_MATCH = YES;
				COPY_PHASE_STRIP = NO;
				DEBUG_INFORMATION_FORMAT = "dwarf-with-dsym";
				ENABLE_NS_ASSERTIONS = NO;
				ENABLE_STRICT_OBJC_MSGSEND = YES;
				GCC_C_LANGUAGE_STANDARD = gnu11;
				GCC_NO_COMMON_BLOCKS = YES;
				GCC_WARN_64_TO_32_BIT_CONVERSION = YES;
				GCC_WARN_ABOUT_RETURN_TYPE = YES_ERROR;
				GCC_WARN_UNDECLARED_SELECTOR = YES;
				GCC_WARN_UNINITIALIZED_AUTOS = YES_AGGRESSIVE;
				GCC_WARN_UNUSED_FUNCTION = YES;
				GCC_WARN_UNUSED_VARIABLE = YES;
				IPHONEOS_DEPLOYMENT_TARGET = 13.0;
				MTL_ENABLE_DEBUG_INFO = NO;
				MTL_FAST_MATH = YES;
				SDKROOT = iphoneos;
				SWIFT_COMPILATION_MODE = wholemodule;
				SWIFT_OPTIMIZATION_LEVEL = "-O";
				VALIDATE_PRODUCT = YES;
			};
			name = Release;
		};
		4F9C418823CA46B3005DEB98 /* Debug */ = {
			isa = XCBuildConfiguration;
			baseConfigurationReference = A027157880F0860A2E6A3D81 /* Pods-iTunesSearchSwiftUIKit.debug.xcconfig */;
			buildSettings = {
				ASSETCATALOG_COMPILER_APPICON_NAME = AppIcon;
				CODE_SIGN_STYLE = Automatic;
				DEVELOPMENT_TEAM = T6KHP87R84;
				INFOPLIST_FILE = iTunesSearchSwiftUIKit/Info.plist;
				LD_RUNPATH_SEARCH_PATHS = (
					"$(inherited)",
					"@executable_path/Frameworks",
				);
				PRODUCT_BUNDLE_IDENTIFIER = com.blueprint.iTunesSearchSwiftUIKit;
				PRODUCT_NAME = "$(TARGET_NAME)";
				SWIFT_VERSION = 5.0;
				TARGETED_DEVICE_FAMILY = "1,2";
			};
			name = Debug;
		};
		4F9C418923CA46B3005DEB98 /* Release */ = {
			isa = XCBuildConfiguration;
			baseConfigurationReference = E852CD40C78B5C15171015A8 /* Pods-iTunesSearchSwiftUIKit.release.xcconfig */;
			buildSettings = {
				ASSETCATALOG_COMPILER_APPICON_NAME = AppIcon;
				CODE_SIGN_STYLE = Automatic;
				DEVELOPMENT_TEAM = T6KHP87R84;
				INFOPLIST_FILE = iTunesSearchSwiftUIKit/Info.plist;
				LD_RUNPATH_SEARCH_PATHS = (
					"$(inherited)",
					"@executable_path/Frameworks",
				);
				PRODUCT_BUNDLE_IDENTIFIER = com.blueprint.iTunesSearchSwiftUIKit;
				PRODUCT_NAME = "$(TARGET_NAME)";
				SWIFT_VERSION = 5.0;
				TARGETED_DEVICE_FAMILY = "1,2";
			};
			name = Release;
		};
		4F9C418B23CA46B3005DEB98 /* Debug */ = {
			isa = XCBuildConfiguration;
			baseConfigurationReference = E9A5CCA4010560C3CC2F0C40 /* Pods-iTunesSearchSwiftUIKitTests.debug.xcconfig */;
			buildSettings = {
				ALWAYS_EMBED_SWIFT_STANDARD_LIBRARIES = YES;
				BUNDLE_LOADER = "$(TEST_HOST)";
				CODE_SIGN_STYLE = Automatic;
				DEVELOPMENT_TEAM = T6KHP87R84;
				INFOPLIST_FILE = iTunesSearchSwiftUIKitTests/Info.plist;
				IPHONEOS_DEPLOYMENT_TARGET = 13.0;
				LD_RUNPATH_SEARCH_PATHS = (
					"$(inherited)",
					"@executable_path/Frameworks",
					"@loader_path/Frameworks",
				);
				PRODUCT_BUNDLE_IDENTIFIER = com.blueprint.iTunesSearchSwiftUIKitTests;
				PRODUCT_NAME = "$(TARGET_NAME)";
				SWIFT_VERSION = 5.0;
				TARGETED_DEVICE_FAMILY = "1,2";
				TEST_HOST = "$(BUILT_PRODUCTS_DIR)/iTunesSearchSwiftUIKit.app/iTunesSearchSwiftUIKit";
			};
			name = Debug;
		};
		4F9C418C23CA46B3005DEB98 /* Release */ = {
			isa = XCBuildConfiguration;
			baseConfigurationReference = E41A057C0C3639B56E986D38 /* Pods-iTunesSearchSwiftUIKitTests.release.xcconfig */;
			buildSettings = {
				ALWAYS_EMBED_SWIFT_STANDARD_LIBRARIES = YES;
				BUNDLE_LOADER = "$(TEST_HOST)";
				CODE_SIGN_STYLE = Automatic;
				DEVELOPMENT_TEAM = T6KHP87R84;
				INFOPLIST_FILE = iTunesSearchSwiftUIKitTests/Info.plist;
				IPHONEOS_DEPLOYMENT_TARGET = 13.0;
				LD_RUNPATH_SEARCH_PATHS = (
					"$(inherited)",
					"@executable_path/Frameworks",
					"@loader_path/Frameworks",
				);
				PRODUCT_BUNDLE_IDENTIFIER = com.blueprint.iTunesSearchSwiftUIKitTests;
				PRODUCT_NAME = "$(TARGET_NAME)";
				SWIFT_VERSION = 5.0;
				TARGETED_DEVICE_FAMILY = "1,2";
				TEST_HOST = "$(BUILT_PRODUCTS_DIR)/iTunesSearchSwiftUIKit.app/iTunesSearchSwiftUIKit";
			};
			name = Release;
		};
		4F9C418E23CA46B3005DEB98 /* Debug */ = {
			isa = XCBuildConfiguration;
			baseConfigurationReference = 6F1C79D0D766D554FEA748CF /* Pods-iTunesSearchSwiftUIKitUITests.debug.xcconfig */;
			buildSettings = {
				ALWAYS_EMBED_SWIFT_STANDARD_LIBRARIES = YES;
				CODE_SIGN_STYLE = Automatic;
				DEVELOPMENT_TEAM = T6KHP87R84;
				INFOPLIST_FILE = iTunesSearchSwiftUIKitUITests/Info.plist;
				LD_RUNPATH_SEARCH_PATHS = (
					"$(inherited)",
					"@executable_path/Frameworks",
					"@loader_path/Frameworks",
				);
				PRODUCT_BUNDLE_IDENTIFIER = com.blueprint.iTunesSearchSwiftUIKitUITests;
				PRODUCT_NAME = "$(TARGET_NAME)";
				SWIFT_VERSION = 5.0;
				TARGETED_DEVICE_FAMILY = "1,2";
				TEST_TARGET_NAME = iTunesSearchSwiftUIKit;
			};
			name = Debug;
		};
		4F9C418F23CA46B3005DEB98 /* Release */ = {
			isa = XCBuildConfiguration;
			baseConfigurationReference = C46B15E82357911F7D7A3198 /* Pods-iTunesSearchSwiftUIKitUITests.release.xcconfig */;
			buildSettings = {
				ALWAYS_EMBED_SWIFT_STANDARD_LIBRARIES = YES;
				CODE_SIGN_STYLE = Automatic;
				DEVELOPMENT_TEAM = T6KHP87R84;
				INFOPLIST_FILE = iTunesSearchSwiftUIKitUITests/Info.plist;
				LD_RUNPATH_SEARCH_PATHS = (
					"$(inherited)",
					"@executable_path/Frameworks",
					"@loader_path/Frameworks",
				);
				PRODUCT_BUNDLE_IDENTIFIER = com.blueprint.iTunesSearchSwiftUIKitUITests;
				PRODUCT_NAME = "$(TARGET_NAME)";
				SWIFT_VERSION = 5.0;
				TARGETED_DEVICE_FAMILY = "1,2";
				TEST_TARGET_NAME = iTunesSearchSwiftUIKit;
			};
			name = Release;
		};
/* End XCBuildConfiguration section */

/* Begin XCConfigurationList section */
		4F9C415523CA46B1005DEB98 /* Build configuration list for PBXProject "iTunesSearchSwiftUIKit" */ = {
			isa = XCConfigurationList;
			buildConfigurations = (
				4F9C418523CA46B3005DEB98 /* Debug */,
				4F9C418623CA46B3005DEB98 /* Release */,
			);
			defaultConfigurationIsVisible = 0;
			defaultConfigurationName = Release;
		};
		4F9C418723CA46B3005DEB98 /* Build configuration list for PBXNativeTarget "iTunesSearchSwiftUIKit" */ = {
			isa = XCConfigurationList;
			buildConfigurations = (
				4F9C418823CA46B3005DEB98 /* Debug */,
				4F9C418923CA46B3005DEB98 /* Release */,
			);
			defaultConfigurationIsVisible = 0;
			defaultConfigurationName = Release;
		};
		4F9C418A23CA46B3005DEB98 /* Build configuration list for PBXNativeTarget "iTunesSearchSwiftUIKitTests" */ = {
			isa = XCConfigurationList;
			buildConfigurations = (
				4F9C418B23CA46B3005DEB98 /* Debug */,
				4F9C418C23CA46B3005DEB98 /* Release */,
			);
			defaultConfigurationIsVisible = 0;
			defaultConfigurationName = Release;
		};
		4F9C418D23CA46B3005DEB98 /* Build configuration list for PBXNativeTarget "iTunesSearchSwiftUIKitUITests" */ = {
			isa = XCConfigurationList;
			buildConfigurations = (
				4F9C418E23CA46B3005DEB98 /* Debug */,
				4F9C418F23CA46B3005DEB98 /* Release */,
			);
			defaultConfigurationIsVisible = 0;
			defaultConfigurationName = Release;
		};
/* End XCConfigurationList section */

/* Begin XCVersionGroup section */
		4F9C416623CA46B1005DEB98 /* iTunesSearchSwiftUIKit.xcdatamodeld */ = {
			isa = XCVersionGroup;
			children = (
				4F9C416723CA46B1005DEB98 /* iTunesSearchSwiftUIKit.xcdatamodel */,
			);
			currentVersion = 4F9C416723CA46B1005DEB98 /* iTunesSearchSwiftUIKit.xcdatamodel */;
			path = iTunesSearchSwiftUIKit.xcdatamodeld;
			sourceTree = "<group>";
			versionGroupType = wrapper.xcdatamodel;
		};
/* End XCVersionGroup section */
	};
	rootObject = 4F9C415223CA46B1005DEB98 /* Project object */;
}
